
Microsoft Visual Studio Solution File, Format Version 12.00
# Visual Studio 14
VisualStudioVersion = 14.0.25420.1
MinimumVisualStudioVersion = 10.0.40219.1
Project("{E24C65DC-7377-472B-9ABA-BC803B73C61A}") = "程式鐵男聊天室", ".", "{A4F62F64-22D9-4026-B7CF-A628CAE0E5CF}"
	ProjectSection(WebsiteProperties) = preProject
		TargetFrameworkMoniker = ".NETFramework,Version%3Dv4.5.2"
		Debug.AspNetCompiler.VirtualPath = "/localhost_52342"
		Debug.AspNetCompiler.PhysicalPath = "..\程式鐵男聊天室\"
		Debug.AspNetCompiler.TargetPath = "PrecompiledWeb\localhost_52342\"
		Debug.AspNetCompiler.Updateable = "true"
		Debug.AspNetCompiler.ForceOverwrite = "true"
		Debug.AspNetCompiler.FixedNames = "false"
		Debug.AspNetCompiler.Debug = "True"
		Release.AspNetCompiler.VirtualPath = "/localhost_52342"
		Release.AspNetCompiler.PhysicalPath = "..\程式鐵男聊天室\"
		Release.AspNetCompiler.TargetPath = "PrecompiledWeb\localhost_52342\"
		Release.AspNetCompiler.Updateable = "true"
		Release.AspNetCompiler.ForceOverwrite = "true"
		Release.AspNetCompiler.FixedNames = "false"
		Release.AspNetCompiler.Debug = "False"
		VWDPort = "52342"
		SlnRelativePath = "..\程式鐵男聊天室\"
	EndProjectSection
EndProject
Global
	GlobalSection(SolutionConfigurationPlatforms) = preSolution
		Debug|Any CPU = Debug|Any CPU
	EndGlobalSection
	GlobalSection(ProjectConfigurationPlatforms) = postSolution
		{A4F62F64-22D9-4026-B7CF-A628CAE0E5CF}.Debug|Any CPU.ActiveCfg = Debug|Any CPU
		{A4F62F64-22D9-4026-B7CF-A628CAE0E5CF}.Debug|Any CPU.Build.0 = Debug|Any CPU
	EndGlobalSection
	GlobalSection(SolutionProperties) = preSolution
		HideSolutionNode = FALSE
	EndGlobalSection
EndGlobal
